
Microsoft Visual Studio Solution File, Format Version 12.00
# Visual Studio Version 16
VisualStudioVersion = 16.0.31727.386
MinimumVisualStudioVersion = 10.0.40219.1
Project("{9A19103F-16F7-4668-BE54-9A1E7A4F7556}") = "YahtzeeTrailCoding", "YahtzeeTrailCoding\YahtzeeTrailCoding.csproj", "{1F351C61-8854-428E-9B6F-AECC48A4404A}"
EndProject
Project("{FAE04EC0-301F-11D3-BF4B-00C04F79EFBC}") = "YahtzeeTrailCodingTests", "YahtzeeTrailCodingTests\YahtzeeTrailCodingTests.csproj", "{B9E5455F-B8F6-4B01-885B-9E3D573711B8}"
EndProject
Global
	GlobalSection(SolutionConfigurationPlatforms) = preSolution
		Debug|Any CPU = Debug|Any CPU
		Release|Any CPU = Release|Any CPU
	EndGlobalSection
	GlobalSection(ProjectConfigurationPlatforms) = postSolution
		{1F351C61-8854-428E-9B6F-AECC48A4404A}.Debug|Any CPU.ActiveCfg = Debug|Any CPU
		{1F351C61-8854-428E-9B6F-AECC48A4404A}.Debug|Any CPU.Build.0 = Debug|Any CPU
		{1F351C61-8854-428E-9B6F-AECC48A4404A}.Release|Any CPU.ActiveCfg = Release|Any CPU
		{1F351C61-8854-428E-9B6F-AECC48A4404A}.Release|Any CPU.Build.0 = Release|Any CPU
		{B9E5455F-B8F6-4B01-885B-9E3D573711B8}.Debug|Any CPU.ActiveCfg = Debug|Any CPU
		{B9E5455F-B8F6-4B01-885B-9E3D573711B8}.Debug|Any CPU.Build.0 = Debug|Any CPU
		{B9E5455F-B8F6-4B01-885B-9E3D573711B8}.Release|Any CPU.ActiveCfg = Release|Any CPU
		{B9E5455F-B8F6-4B01-885B-9E3D573711B8}.Release|Any CPU.Build.0 = Release|Any CPU
	EndGlobalSection
	GlobalSection(SolutionProperties) = preSolution
		HideSolutionNode = FALSE
	EndGlobalSection
	GlobalSection(ExtensibilityGlobals) = postSolution
		SolutionGuid = {0B9A9D45-2080-48DC-BA35-5C5D856D5A99}
	EndGlobalSection
EndGlobal
